{
  "name": "iac-example",
  "version": "0.0.0",
  "lockfileVersion": 1,
  "requires": true,
  "dependencies": {
    "@aws-cdk/assets": {
      "version": "1.47.0",
      "resolved": "https://registry.npmjs.org/@aws-cdk/assets/-/assets-1.47.0.tgz",
      "integrity": "sha512-CZOzfiyrsEY5WM37mwDMd6y3hrUo0APoQtZwNu5JTQAHW28oyMreKvRuJ2UdSTtp9J8d5bG/vUZbGvgHwFd1pQ==",
      "requires": {
        "@aws-cdk/core": "1.47.0",
        "@aws-cdk/cx-api": "1.47.0",
        "constructs": "^3.0.2"
      }
    },
    "@aws-cdk/aws-apigateway": {
      "version": "1.47.0",
      "resolved": "https://registry.npmjs.org/@aws-cdk/aws-apigateway/-/aws-apigateway-1.47.0.tgz",
      "integrity": "sha512-JG07BAp5S+lsfu/tK9bU19ujmZ1enLzbXDhcuJmnfTZ0xgp9rgwVyIXOWZ92KyPR4NHQ6H4qTdLhHuOx0+dt/A==",
      "requires": {
        "@aws-cdk/assets": "1.47.0",
        "@aws-cdk/aws-certificatemanager": "1.47.0",
        "@aws-cdk/aws-ec2": "1.47.0",
        "@aws-cdk/aws-elasticloadbalancingv2": "1.47.0",
        "@aws-cdk/aws-iam": "1.47.0",
        "@aws-cdk/aws-lambda": "1.47.0",
        "@aws-cdk/aws-logs": "1.47.0",
        "@aws-cdk/aws-s3": "1.47.0",
        "@aws-cdk/aws-s3-assets": "1.47.0",
        "@aws-cdk/core": "1.47.0",
        "@aws-cdk/cx-api": "1.47.0",
        "constructs": "^3.0.2"
      }
    },
    "@aws-cdk/aws-certificatemanager": {
      "version": "1.47.0",
      "resolved": "https://registry.npmjs.org/@aws-cdk/aws-certificatemanager/-/aws-certificatemanager-1.47.0.tgz",
      "integrity": "sha512-j6NTqX67A06zo6wovEvO4CgKgrdhE9fQ3Rp6vhi2WXq4egtq5OU4Pwngmdc4QkxQ5lR5iVr0dOwOGE6ujmML+A==",
      "requires": {
        "@aws-cdk/aws-iam": "1.47.0",
        "@aws-cdk/aws-lambda": "1.47.0",
        "@aws-cdk/aws-route53": "1.47.0",
        "@aws-cdk/core": "1.47.0",
        "constructs": "^3.0.2"
      }
    },
    "@aws-cdk/aws-cloudwatch": {
      "version": "1.47.0",
      "resolved": "https://registry.npmjs.org/@aws-cdk/aws-cloudwatch/-/aws-cloudwatch-1.47.0.tgz",
      "integrity": "sha512-1hEI7E7x9rOFnd3DocA/QL7QKNaLfhRV8jtrY/+pCEdS3gGBInLzfbkzibK/bpzwi/Ikv1fihx+j7G/Q944v9g==",
      "requires": {
        "@aws-cdk/aws-iam": "1.47.0",
        "@aws-cdk/core": "1.47.0",
        "constructs": "^3.0.2"
      }
    },
    "@aws-cdk/aws-ec2": {
      "version": "1.47.0",
      "resolved": "https://registry.npmjs.org/@aws-cdk/aws-ec2/-/aws-ec2-1.47.0.tgz",
      "integrity": "sha512-GH81MFJhSPu/ghCRjZf7tj+o4lc/TjHwPZMmB4V1bDRaHInESeFF+2H5YJz1J+d4zn9Gl5aSxtUFWdSFPaB5Jw==",
      "requires": {
        "@aws-cdk/aws-cloudwatch": "1.47.0",
        "@aws-cdk/aws-iam": "1.47.0",
        "@aws-cdk/aws-logs": "1.47.0",
        "@aws-cdk/aws-s3": "1.47.0",
        "@aws-cdk/aws-ssm": "1.47.0",
        "@aws-cdk/cloud-assembly-schema": "1.47.0",
        "@aws-cdk/core": "1.47.0",
        "@aws-cdk/cx-api": "1.47.0",
        "@aws-cdk/region-info": "1.47.0",
        "constructs": "^3.0.2"
      }
    },
    "@aws-cdk/aws-elasticloadbalancingv2": {
      "version": "1.47.0",
      "resolved": "https://registry.npmjs.org/@aws-cdk/aws-elasticloadbalancingv2/-/aws-elasticloadbalancingv2-1.47.0.tgz",
      "integrity": "sha512-YRUQI5lIMZpB0gXkNZHqOGQ9CxeyegYkNPwR3UmoMJhsbAMcBULOGKaN3VjlIx1CkJDFiF7aNi7eIgbvGybQbw==",
      "requires": {
        "@aws-cdk/aws-certificatemanager": "1.47.0",
        "@aws-cdk/aws-cloudwatch": "1.47.0",
        "@aws-cdk/aws-ec2": "1.47.0",
        "@aws-cdk/aws-iam": "1.47.0",
        "@aws-cdk/aws-lambda": "1.47.0",
        "@aws-cdk/aws-s3": "1.47.0",
        "@aws-cdk/core": "1.47.0",
        "constructs": "^3.0.2"
      }
    },
    "@aws-cdk/aws-events": {
      "version": "1.47.0",
      "resolved": "https://registry.npmjs.org/@aws-cdk/aws-events/-/aws-events-1.47.0.tgz",
      "integrity": "sha512-Okw4FTF1UVewOlXUnA0MOT+Ug3eQ2dntjBTig0s7XpB2JwWEHdCVVkeybgze+3vV9htoxsGQghiMm2o4efs56A==",
      "requires": {
        "@aws-cdk/aws-iam": "1.47.0",
        "@aws-cdk/core": "1.47.0",
        "constructs": "^3.0.2"
      }
    },
    "@aws-cdk/aws-iam": {
      "version": "1.47.0",
      "resolved": "https://registry.npmjs.org/@aws-cdk/aws-iam/-/aws-iam-1.47.0.tgz",
      "integrity": "sha512-gqs9Z63qCo3PuR3ORAS8ZahDPLBNFXJypfKEUJ4FNDXH0Co/bmICtnFawQa9N9Cqhrdd935x2r9FH02M26/WnA==",
      "requires": {
        "@aws-cdk/core": "1.47.0",
        "@aws-cdk/region-info": "1.47.0",
        "constructs": "^3.0.2"
      }
    },
    "@aws-cdk/aws-kms": {
      "version": "1.47.0",
      "resolved": "https://registry.npmjs.org/@aws-cdk/aws-kms/-/aws-kms-1.47.0.tgz",
      "integrity": "sha512-+g5NZHI6zLADftfo9SDIAWphHc88CSm7RYTTZ6b7eVOGZK5kYxYHPdU/YXaTIi74h3d8KTyC5dXVpXb1B5sIOw==",
      "requires": {
        "@aws-cdk/aws-iam": "1.47.0",
        "@aws-cdk/core": "1.47.0",
        "constructs": "^3.0.2"
      }
    },
    "@aws-cdk/aws-lambda": {
      "version": "1.47.0",
      "resolved": "https://registry.npmjs.org/@aws-cdk/aws-lambda/-/aws-lambda-1.47.0.tgz",
      "integrity": "sha512-r/nt9S7KeEX7Ak6mKAXE1r/AEQIIBHP2NS6MOmph7nkW1CWZgvJK0fxdKrMDFgp6VFV/9+x0upXEYysOXjsfkQ==",
      "requires": {
        "@aws-cdk/aws-cloudwatch": "1.47.0",
        "@aws-cdk/aws-ec2": "1.47.0",
        "@aws-cdk/aws-events": "1.47.0",
        "@aws-cdk/aws-iam": "1.47.0",
        "@aws-cdk/aws-logs": "1.47.0",
        "@aws-cdk/aws-s3": "1.47.0",
        "@aws-cdk/aws-s3-assets": "1.47.0",
        "@aws-cdk/aws-sqs": "1.47.0",
        "@aws-cdk/core": "1.47.0",
        "@aws-cdk/cx-api": "1.47.0",
        "constructs": "^3.0.2"
      }
    },
    "@aws-cdk/aws-logs": {
      "version": "1.47.0",
      "resolved": "https://registry.npmjs.org/@aws-cdk/aws-logs/-/aws-logs-1.47.0.tgz",
      "integrity": "sha512-Ni8Pxn005SUgZrxkK3U7MT7y+taET68Ks9rE7EQHYxhoncgA3pxI+eT+4IzCwRVdD2/K2io090UbZd0fZP9OIw==",
      "requires": {
        "@aws-cdk/aws-cloudwatch": "1.47.0",
        "@aws-cdk/aws-iam": "1.47.0",
        "@aws-cdk/core": "1.47.0",
        "constructs": "^3.0.2"
      }
    },
    "@aws-cdk/aws-route53": {
      "version": "1.47.0",
      "resolved": "https://registry.npmjs.org/@aws-cdk/aws-route53/-/aws-route53-1.47.0.tgz",
      "integrity": "sha512-sHrP/3R/yydKrYzNYfXsATMjBjmE3F0MM0qVnPpEcbPJWuz2ZkXrS2bujkyovJP/N0Sp+BiLz6La2mwii+9tyA==",
      "requires": {
        "@aws-cdk/aws-ec2": "1.47.0",
        "@aws-cdk/aws-logs": "1.47.0",
        "@aws-cdk/cloud-assembly-schema": "1.47.0",
        "@aws-cdk/core": "1.47.0",
        "constructs": "^3.0.2"
      }
    },
    "@aws-cdk/aws-s3": {
      "version": "1.47.0",
      "resolved": "https://registry.npmjs.org/@aws-cdk/aws-s3/-/aws-s3-1.47.0.tgz",
      "integrity": "sha512-HwH5cBYLaRKHeYix1HKlbXCC11ZYsm8IKgQaR/1qW2SBIivMEquFIJY3Y2bPiIt3cDt03gVWxvhPdk6/3Aw/nQ==",
      "requires": {
        "@aws-cdk/aws-events": "1.47.0",
        "@aws-cdk/aws-iam": "1.47.0",
        "@aws-cdk/aws-kms": "1.47.0",
        "@aws-cdk/core": "1.47.0",
        "constructs": "^3.0.2"
      }
    },
    "@aws-cdk/aws-s3-assets": {
      "version": "1.47.0",
      "resolved": "https://registry.npmjs.org/@aws-cdk/aws-s3-assets/-/aws-s3-assets-1.47.0.tgz",
      "integrity": "sha512-BcHGk5RmblEjmvXQ1fyPeLC58nSdpjuubQvvI1sJ7LSxOx7evZB5dZrDZH+7m+N+KszlWsIHYVUXpKBuEAT5bQ==",
      "requires": {
        "@aws-cdk/assets": "1.47.0",
        "@aws-cdk/aws-iam": "1.47.0",
        "@aws-cdk/aws-kms": "1.47.0",
        "@aws-cdk/aws-s3": "1.47.0",
        "@aws-cdk/core": "1.47.0",
        "@aws-cdk/cx-api": "1.47.0",
        "constructs": "^3.0.2"
      }
    },
    "@aws-cdk/aws-sqs": {
      "version": "1.47.0",
      "resolved": "https://registry.npmjs.org/@aws-cdk/aws-sqs/-/aws-sqs-1.47.0.tgz",
      "integrity": "sha512-1JknoY/DRh/PP+mPcD7q4M/mD8GFVlTtmpWaiB6FUbs/Mfi6PbJGEBT3BDXic2t9U+twfP6ZF2Fxf6aLuTREFA==",
      "requires": {
        "@aws-cdk/aws-cloudwatch": "1.47.0",
        "@aws-cdk/aws-iam": "1.47.0",
        "@aws-cdk/aws-kms": "1.47.0",
        "@aws-cdk/core": "1.47.0",
        "constructs": "^3.0.2"
      }
    },
    "@aws-cdk/aws-ssm": {
      "version": "1.47.0",
      "resolved": "https://registry.npmjs.org/@aws-cdk/aws-ssm/-/aws-ssm-1.47.0.tgz",
      "integrity": "sha512-uA010mSU/2GZOUyarqfIQxW+7nxsQzXjOYpBJoOhFW9kk9cPkfBIPudIxcP/yXWofC5FwcEsg44aEzVljDuq1w==",
      "requires": {
        "@aws-cdk/aws-iam": "1.47.0",
        "@aws-cdk/aws-kms": "1.47.0",
        "@aws-cdk/cloud-assembly-schema": "1.47.0",
        "@aws-cdk/core": "1.47.0",
        "constructs": "^3.0.2"
      }
    },
    "@aws-cdk/cloud-assembly-schema": {
      "version": "1.47.0",
      "resolved": "https://registry.npmjs.org/@aws-cdk/cloud-assembly-schema/-/cloud-assembly-schema-1.47.0.tgz",
      "integrity": "sha512-tlTCInqxS8eyztSraZxVdT+VnNX2EUNPifFNH5EOFUBCXo/18Ae/TgDl2XoioEurUha4Zvyepy7KscXMuGQY9Q==",
      "requires": {
        "jsonschema": "^1.2.5",
        "semver": "^7.2.2"
      },
      "dependencies": {
        "jsonschema": {
          "version": "1.2.6",
          "bundled": true
        },
        "semver": {
          "version": "7.3.2",
          "bundled": true
        }
      }
    },
    "@aws-cdk/core": {
      "version": "1.47.0",
      "resolved": "https://registry.npmjs.org/@aws-cdk/core/-/core-1.47.0.tgz",
      "integrity": "sha512-HgJlGLugaS0TbLMZ5hRmKdxfJk/GCu6LoQT60+3oisbSXTZDo1KCtlQaGYiR+4u/EVG5QIzUUKQpoQEwl/sEVg==",
      "requires": {
        "@aws-cdk/cloud-assembly-schema": "1.47.0",
        "@aws-cdk/cx-api": "1.47.0",
        "constructs": "^3.0.2",
        "fs-extra": "^9.0.1",
        "minimatch": "^3.0.4"
      },
      "dependencies": {
        "at-least-node": {
          "version": "1.0.0",
          "bundled": true
        },
        "balanced-match": {
          "version": "1.0.0",
          "bundled": true
        },
        "brace-expansion": {
          "version": "1.1.11",
          "bundled": true,
          "requires": {
            "balanced-match": "^1.0.0",
            "concat-map": "0.0.1"
          }
        },
        "concat-map": {
          "version": "0.0.1",
          "bundled": true
        },
        "fs-extra": {
          "version": "9.0.1",
          "bundled": true,
          "requires": {
            "at-least-node": "^1.0.0",
            "graceful-fs": "^4.2.0",
            "jsonfile": "^6.0.1",
            "universalify": "^1.0.0"
          }
        },
        "graceful-fs": {
          "version": "4.2.4",
          "bundled": true
        },
        "jsonfile": {
          "version": "6.0.1",
          "bundled": true,
          "requires": {
            "graceful-fs": "^4.1.6",
            "universalify": "^1.0.0"
          }
        },
        "minimatch": {
          "version": "3.0.4",
          "bundled": true,
          "requires": {
            "brace-expansion": "^1.1.7"
          }
        },
        "universalify": {
          "version": "1.0.0",
          "bundled": true
        }
      }
    },
    "@aws-cdk/cx-api": {
      "version": "1.47.0",
      "resolved": "https://registry.npmjs.org/@aws-cdk/cx-api/-/cx-api-1.47.0.tgz",
      "integrity": "sha512-2VCRaA1LWOa/QoXuPEe+2efs5VsbF9U7mFL5DGUYv5NcOGD9MZY+t3xmrVh4ng7+shyI5XZxviSdAeqPPCgaVQ==",
      "requires": {
        "@aws-cdk/cloud-assembly-schema": "1.47.0",
        "semver": "^7.2.2"
      },
      "dependencies": {
        "semver": {
          "version": "7.3.2",
          "bundled": true
        }
      }
    },
    "@aws-cdk/region-info": {
      "version": "1.47.0",
      "resolved": "https://registry.npmjs.org/@aws-cdk/region-info/-/region-info-1.47.0.tgz",
      "integrity": "sha512-yfHKzHp7ZfCRzT34O7qskbsT6cymhVKZ0EoeXfBm27/O+5Qd7WH9qSPhRBICL/rwB3wY/s7fe5synRhajOH4Pg=="
    },
    "@types/node": {
      "version": "14.0.14",
      "resolved": "https://registry.npmjs.org/@types/node/-/node-14.0.14.tgz",
      "integrity": "sha512-syUgf67ZQpaJj01/tRTknkMNoBBLWJOBODF0Zm4NrXmiSuxjymFrxnTu1QVYRubhVkRcZLYZG8STTwJRdVm/WQ=="
    },
    "arg": {
      "version": "4.1.3",
      "resolved": "https://registry.npmjs.org/arg/-/arg-4.1.3.tgz",
      "integrity": "sha512-58S9QDqG0Xx27YwPSt9fJxivjYl432YCwfDMfZ+71RAqUrZef7LrKQZ3LHLOwCS4FLNBplP533Zx895SeOCHvA==",
      "dev": true
    },
    "aws-cdk-pure": {
      "version": "1.3.6",
      "resolved": "https://registry.npmjs.org/aws-cdk-pure/-/aws-cdk-pure-1.3.6.tgz",
      "integrity": "sha512-JtnR7QUsmCczMf8jRCNyE8u0D9kJ0jTgPFIwUEhwOkPHCUNm2tNOrNJrTfRTMEST5UhY6LWUhl1+gmoLpLWn3g==",
      "requires": {
        "@aws-cdk/core": "*",
        "@types/node": "14.0.14"
      },
      "dependencies": {
        "@types/node": {
          "version": "14.0.14",
          "resolved": "https://registry.npmjs.org/@types/node/-/node-14.0.14.tgz",
          "integrity": "sha512-syUgf67ZQpaJj01/tRTknkMNoBBLWJOBODF0Zm4NrXmiSuxjymFrxnTu1QVYRubhVkRcZLYZG8STTwJRdVm/WQ=="
        }
      }
    },
    "buffer-from": {
      "version": "1.1.1",
      "resolved": "https://registry.npmjs.org/buffer-from/-/buffer-from-1.1.1.tgz",
      "integrity": "sha512-MQcXEUbCKtEo7bhqEs6560Hyd4XaovZlO/k9V3hjVUF/zwW7KBVdSK4gIt/bzwS9MbR5qob+F5jusZsb0YQK2A==",
      "dev": true
    },
    "constructs": {
      "version": "3.0.4",
      "resolved": "https://registry.npmjs.org/constructs/-/constructs-3.0.4.tgz",
      "integrity": "sha512-CDvg7gMjphE3DFX4pzkF6j73NREbR8npPFW8Mx/CLRnMR035+Y1o1HrXIsNSss/dq3ZUnNTU9jKyd3fL9EOlfw=="
    },
    "diff": {
      "version": "4.0.2",
      "resolved": "https://registry.npmjs.org/diff/-/diff-4.0.2.tgz",
      "integrity": "sha512-58lmxKSA4BNyLz+HHMUzlOEpg09FV+ev6ZMe3vJihgdxzgcwZ8VoEEPmALCZG9LmqfVoNMMKpttIYTVG6uDY7A==",
      "dev": true
    },
    "make-error": {
      "version": "1.3.6",
      "resolved": "https://registry.npmjs.org/make-error/-/make-error-1.3.6.tgz",
      "integrity": "sha512-s8UhlNe7vPKomQhC1qFelMokr/Sc3AgNbso3n74mVPA5LTZwkB9NlXf4XPamLxJE8h0gh73rM94xvwRT2CVInw==",
      "dev": true
    },
    "source-map": {
      "version": "0.6.1",
      "resolved": "https://registry.npmjs.org/source-map/-/source-map-0.6.1.tgz",
      "integrity": "sha512-UjgapumWlbMhkBgzT7Ykc5YXUT46F0iKu8SGXq0bcwP5dz/h0Plj6enJqjz1Zbq2l5WaqYnrVbwWOWMyF3F47g==",
      "dev": true
    },
    "source-map-support": {
      "version": "0.5.19",
      "resolved": "https://registry.npmjs.org/source-map-support/-/source-map-support-0.5.19.tgz",
      "integrity": "sha512-Wonm7zOCIJzBGQdB+thsPar0kYuCIzYvxZwlBa87yi/Mdjv7Tip2cyVbLj5o0cFPN4EVkuTwb3GDDyUx2DGnGw==",
      "dev": true,
      "requires": {
        "buffer-from": "^1.0.0",
        "source-map": "^0.6.0"
      }
    },
    "ts-node": {
      "version": "8.10.2",
      "resolved": "https://registry.npmjs.org/ts-node/-/ts-node-8.10.2.tgz",
      "integrity": "sha512-ISJJGgkIpDdBhWVu3jufsWpK3Rzo7bdiIXJjQc0ynKxVOVcg2oIrf2H2cejminGrptVc6q6/uynAHNCuWGbpVA==",
      "dev": true,
      "requires": {
        "arg": "^4.1.0",
        "diff": "^4.0.1",
        "make-error": "^1.1.1",
        "source-map-support": "^0.5.17",
        "yn": "3.1.1"
      }
    },
    "typescript": {
      "version": "3.9.5",
      "resolved": "https://registry.npmjs.org/typescript/-/typescript-3.9.5.tgz",
      "integrity": "sha512-hSAifV3k+i6lEoCJ2k6R2Z/rp/H3+8sdmcn5NrS3/3kE7+RyZXm9aqvxWqjEXHAd8b0pShatpcdMTvEdvAJltQ==",
      "dev": true
    },
    "yn": {
      "version": "3.1.1",
      "resolved": "https://registry.npmjs.org/yn/-/yn-3.1.1.tgz",
      "integrity": "sha512-Ux4ygGWsu2c7isFWe8Yu1YluJmqVhxqK2cLXNQA5AcC3QfbGNpM7fu0Y8b/z16pXLnFxZYvWhd3fhBY9DLmC6Q==",
      "dev": true
    }
  }
}
