{
  "name": "iac-example",
  "version": "0.0.0",
  "lockfileVersion": 1,
  "requires": true,
  "dependencies": {
    "@aws-cdk/assert": {
      "version": "1.62.0",
      "resolved": "https://registry.npmjs.org/@aws-cdk/assert/-/assert-1.62.0.tgz",
      "integrity": "sha512-tlVlSTW/ci8vOpyG+bqhB+GnM8AJa9KORt8WBhh77IZrBJb63qjgBl0qIWhD6DzVvOK46S7Jv35f8iTBU1l/HQ==",
      "requires": {
        "@aws-cdk/cloud-assembly-schema": "1.62.0",
        "@aws-cdk/cloudformation-diff": "1.62.0",
        "@aws-cdk/core": "1.62.0",
        "@aws-cdk/cx-api": "1.62.0",
        "constructs": "^3.0.4"
      }
    },
    "@aws-cdk/assets": {
      "version": "1.62.0",
      "resolved": "https://registry.npmjs.org/@aws-cdk/assets/-/assets-1.62.0.tgz",
      "integrity": "sha512-fmoYSj2klwHOPK9SgSCfLrEUG7uvfi/ZHYNPdM5zxomlS1xrmzR1DPwI97gotri7fbdEWrzDdfu2/wd4oLHBIA==",
      "requires": {
        "@aws-cdk/core": "1.62.0",
        "@aws-cdk/cx-api": "1.62.0",
        "constructs": "^3.0.4"
      }
    },
    "@aws-cdk/aws-apigateway": {
      "version": "1.62.0",
      "resolved": "https://registry.npmjs.org/@aws-cdk/aws-apigateway/-/aws-apigateway-1.62.0.tgz",
      "integrity": "sha512-Nyo3lTZlllapCWfJJOfiengw7yUdNPZ1nWSy1pdnzuuqXPTcIisiLekiTaP+PKda5Ged1/x5Vc0dDXFPnCei1w==",
      "requires": {
        "@aws-cdk/assets": "1.62.0",
        "@aws-cdk/aws-certificatemanager": "1.62.0",
        "@aws-cdk/aws-ec2": "1.62.0",
        "@aws-cdk/aws-elasticloadbalancingv2": "1.62.0",
        "@aws-cdk/aws-iam": "1.62.0",
        "@aws-cdk/aws-lambda": "1.62.0",
        "@aws-cdk/aws-logs": "1.62.0",
        "@aws-cdk/aws-s3": "1.62.0",
        "@aws-cdk/aws-s3-assets": "1.62.0",
        "@aws-cdk/core": "1.62.0",
        "@aws-cdk/cx-api": "1.62.0",
        "constructs": "^3.0.4"
      }
    },
    "@aws-cdk/aws-applicationautoscaling": {
      "version": "1.62.0",
      "resolved": "https://registry.npmjs.org/@aws-cdk/aws-applicationautoscaling/-/aws-applicationautoscaling-1.62.0.tgz",
      "integrity": "sha512-ZMPEujyN2jhbGCr84RvTDXhFWX8safD1PLhRn0XpZ/WDYpZXP8HXsvnHQ/Xh8QBirlE1gY/5OMU+uJFpo0o0HA==",
      "requires": {
        "@aws-cdk/aws-autoscaling-common": "1.62.0",
        "@aws-cdk/aws-cloudwatch": "1.62.0",
        "@aws-cdk/aws-iam": "1.62.0",
        "@aws-cdk/core": "1.62.0",
        "constructs": "^3.0.4"
      }
    },
    "@aws-cdk/aws-autoscaling-common": {
      "version": "1.62.0",
      "resolved": "https://registry.npmjs.org/@aws-cdk/aws-autoscaling-common/-/aws-autoscaling-common-1.62.0.tgz",
      "integrity": "sha512-m2E8bSnwBo2dE6NUowt90jB4zmeDHAxWB3y2RRAg4dWx1GhMGHWG1hfr99FrDldRCDd8Ib1++QkT/TQRC35TqQ==",
      "requires": {
        "@aws-cdk/aws-iam": "1.62.0",
        "@aws-cdk/core": "1.62.0",
        "constructs": "^3.0.4"
      }
    },
    "@aws-cdk/aws-certificatemanager": {
      "version": "1.62.0",
      "resolved": "https://registry.npmjs.org/@aws-cdk/aws-certificatemanager/-/aws-certificatemanager-1.62.0.tgz",
      "integrity": "sha512-hbEMdf+GN0TW2j7x/moxjkfYlZalcGQ02Hlseglnx/e2DlNsx9DNsUzAejlPaTfG9eIZRqcKzpgamuf4N2FmoA==",
      "requires": {
        "@aws-cdk/aws-iam": "1.62.0",
        "@aws-cdk/aws-lambda": "1.62.0",
        "@aws-cdk/aws-route53": "1.62.0",
        "@aws-cdk/core": "1.62.0",
        "constructs": "^3.0.4"
      }
    },
    "@aws-cdk/aws-cloudformation": {
      "version": "1.62.0",
      "resolved": "https://registry.npmjs.org/@aws-cdk/aws-cloudformation/-/aws-cloudformation-1.62.0.tgz",
      "integrity": "sha512-qJawcXG9tMNsZlIO9Sm+6N0jn81kipJaGA436fHFI35UpViftgmVKba0XNT9INik80iVCUA7cdLlOv9+Azw2KQ==",
      "requires": {
        "@aws-cdk/aws-iam": "1.62.0",
        "@aws-cdk/aws-lambda": "1.62.0",
        "@aws-cdk/aws-s3": "1.62.0",
        "@aws-cdk/aws-sns": "1.62.0",
        "@aws-cdk/core": "1.62.0",
        "@aws-cdk/cx-api": "1.62.0",
        "constructs": "^3.0.4"
      }
    },
    "@aws-cdk/aws-cloudfront": {
      "version": "1.62.0",
      "resolved": "https://registry.npmjs.org/@aws-cdk/aws-cloudfront/-/aws-cloudfront-1.62.0.tgz",
      "integrity": "sha512-6Jttceb0KsJv9g1qL0P5sTc/zJYnEq1dgEbIkZvQjZwajt+penT/DxT0lV0XFz0BJ0U1qcTmjuNnJAQ0QZXQew==",
      "requires": {
        "@aws-cdk/aws-certificatemanager": "1.62.0",
        "@aws-cdk/aws-iam": "1.62.0",
        "@aws-cdk/aws-kms": "1.62.0",
        "@aws-cdk/aws-lambda": "1.62.0",
        "@aws-cdk/aws-s3": "1.62.0",
        "@aws-cdk/core": "1.62.0",
        "constructs": "^3.0.4"
      }
    },
    "@aws-cdk/aws-cloudwatch": {
      "version": "1.62.0",
      "resolved": "https://registry.npmjs.org/@aws-cdk/aws-cloudwatch/-/aws-cloudwatch-1.62.0.tgz",
      "integrity": "sha512-WPbYY/WhW/qTQ92vtxIZcbjh8lsrWg8gWilh1JmvwHJmGEcQRFH6T+w9q8DEeeVRknZM0ziXy1/yBpW+FGRGZQ==",
      "requires": {
        "@aws-cdk/aws-iam": "1.62.0",
        "@aws-cdk/core": "1.62.0",
        "constructs": "^3.0.4"
      }
    },
    "@aws-cdk/aws-codeguruprofiler": {
      "version": "1.62.0",
      "resolved": "https://registry.npmjs.org/@aws-cdk/aws-codeguruprofiler/-/aws-codeguruprofiler-1.62.0.tgz",
      "integrity": "sha512-uqYgn/88wcTgzULEBrLru68vM1zsESwPojmQTVa+Q6zlBO4drgpQ0orrHkrzICLGq0N41NP3zJ3pz8PoJjKJPw==",
      "requires": {
        "@aws-cdk/aws-iam": "1.62.0",
        "@aws-cdk/core": "1.62.0"
      }
    },
    "@aws-cdk/aws-cognito": {
      "version": "1.62.0",
      "resolved": "https://registry.npmjs.org/@aws-cdk/aws-cognito/-/aws-cognito-1.62.0.tgz",
      "integrity": "sha512-ssRRgMcg84UqKX0QeFZi/a2iBfXnYDYvBBNr/onbh9INRqjYBcL0bJUGkGq7/U3Fgfw3/thCuvrUnco0fnMD8w==",
      "requires": {
        "@aws-cdk/aws-certificatemanager": "1.62.0",
        "@aws-cdk/aws-iam": "1.62.0",
        "@aws-cdk/aws-lambda": "1.62.0",
        "@aws-cdk/core": "1.62.0",
        "@aws-cdk/custom-resources": "1.62.0",
        "constructs": "^3.0.4"
      }
    },
    "@aws-cdk/aws-dynamodb": {
      "version": "1.62.0",
      "resolved": "https://registry.npmjs.org/@aws-cdk/aws-dynamodb/-/aws-dynamodb-1.62.0.tgz",
      "integrity": "sha512-1+twqvAWji+dEfk79nO970alVD6wwheUwNkYgXVWeJJ3buWEWbxKlq/5DK1V62JVnP6l3KX67TUHlGYCxn1CIQ==",
      "requires": {
        "@aws-cdk/aws-applicationautoscaling": "1.62.0",
        "@aws-cdk/aws-cloudwatch": "1.62.0",
        "@aws-cdk/aws-iam": "1.62.0",
        "@aws-cdk/aws-kms": "1.62.0",
        "@aws-cdk/aws-lambda": "1.62.0",
        "@aws-cdk/core": "1.62.0",
        "@aws-cdk/custom-resources": "1.62.0",
        "constructs": "^3.0.4"
      }
    },
    "@aws-cdk/aws-ec2": {
      "version": "1.62.0",
      "resolved": "https://registry.npmjs.org/@aws-cdk/aws-ec2/-/aws-ec2-1.62.0.tgz",
      "integrity": "sha512-dvuvakcld6ksvOeOcMdDsPsI45HbGaXmL5h4CF8HZ0wfTtlY4zot9mHB0mEfzEEeyMaLI6+2gm5raefVser1Sg==",
      "requires": {
        "@aws-cdk/aws-cloudwatch": "1.62.0",
        "@aws-cdk/aws-iam": "1.62.0",
        "@aws-cdk/aws-kms": "1.62.0",
        "@aws-cdk/aws-logs": "1.62.0",
        "@aws-cdk/aws-s3": "1.62.0",
        "@aws-cdk/aws-s3-assets": "1.62.0",
        "@aws-cdk/aws-ssm": "1.62.0",
        "@aws-cdk/cloud-assembly-schema": "1.62.0",
        "@aws-cdk/core": "1.62.0",
        "@aws-cdk/cx-api": "1.62.0",
        "@aws-cdk/region-info": "1.62.0",
        "constructs": "^3.0.4"
      }
    },
    "@aws-cdk/aws-efs": {
      "version": "1.62.0",
      "resolved": "https://registry.npmjs.org/@aws-cdk/aws-efs/-/aws-efs-1.62.0.tgz",
      "integrity": "sha512-ifF71MfhP07+8LAkZrr0+N1DOIiZkDgovC/2H6W9LwiPhzWNS5cVTwGlRe86b+8siqdPK6e3XJOB8x9scLryog==",
      "requires": {
        "@aws-cdk/aws-ec2": "1.62.0",
        "@aws-cdk/aws-kms": "1.62.0",
        "@aws-cdk/cloud-assembly-schema": "1.62.0",
        "@aws-cdk/core": "1.62.0",
        "@aws-cdk/cx-api": "1.62.0",
        "constructs": "^3.0.4"
      }
    },
    "@aws-cdk/aws-elasticloadbalancing": {
      "version": "1.62.0",
      "resolved": "https://registry.npmjs.org/@aws-cdk/aws-elasticloadbalancing/-/aws-elasticloadbalancing-1.62.0.tgz",
      "integrity": "sha512-ew2V+rTwp60EwD4ghvcSSAzuebvsYlrQymCU0xtMdOZS9x1XVi7ixFsiQdXjzNc4d3BtlHcaaWDdtTcAK6zxlQ==",
      "requires": {
        "@aws-cdk/aws-ec2": "1.62.0",
        "@aws-cdk/core": "1.62.0",
        "constructs": "^3.0.4"
      }
    },
    "@aws-cdk/aws-elasticloadbalancingv2": {
      "version": "1.62.0",
      "resolved": "https://registry.npmjs.org/@aws-cdk/aws-elasticloadbalancingv2/-/aws-elasticloadbalancingv2-1.62.0.tgz",
      "integrity": "sha512-SyN3iY/pR1ShdMAwy0QNmS/D4UvwjSIS28BEGaF7IVbEwJe0j9AjRg/bZEacEbXgf0aSYMqrGvucnxZxy7bkgw==",
      "requires": {
        "@aws-cdk/aws-certificatemanager": "1.62.0",
        "@aws-cdk/aws-cloudwatch": "1.62.0",
        "@aws-cdk/aws-ec2": "1.62.0",
        "@aws-cdk/aws-iam": "1.62.0",
        "@aws-cdk/aws-lambda": "1.62.0",
        "@aws-cdk/aws-s3": "1.62.0",
        "@aws-cdk/core": "1.62.0",
        "@aws-cdk/region-info": "1.62.0",
        "constructs": "^3.0.4"
      }
    },
    "@aws-cdk/aws-events": {
      "version": "1.62.0",
      "resolved": "https://registry.npmjs.org/@aws-cdk/aws-events/-/aws-events-1.62.0.tgz",
      "integrity": "sha512-Q6dS9EoaG8GoABMNpAtTms9hayAArpHsEdpf1S5o6eo6EHjF+/vBVVcRrHXlQoVNc6iInutSJ4Jy7W1/AXBnkA==",
      "requires": {
        "@aws-cdk/aws-iam": "1.62.0",
        "@aws-cdk/core": "1.62.0",
        "constructs": "^3.0.4"
      }
    },
    "@aws-cdk/aws-iam": {
      "version": "1.62.0",
      "resolved": "https://registry.npmjs.org/@aws-cdk/aws-iam/-/aws-iam-1.62.0.tgz",
      "integrity": "sha512-VsCy7MVsv0hqqJYOKYZp7mgiQK9YAfc9zpF2HwgHf70blH3wK2hUnmTXu6eBjIklKcFakkWQOGvb3+kAapb/mA==",
      "requires": {
        "@aws-cdk/core": "1.62.0",
        "@aws-cdk/region-info": "1.62.0",
        "constructs": "^3.0.4"
      }
    },
    "@aws-cdk/aws-kinesis": {
      "version": "1.62.0",
      "resolved": "https://registry.npmjs.org/@aws-cdk/aws-kinesis/-/aws-kinesis-1.62.0.tgz",
      "integrity": "sha512-aaiklSrkWKffL3wVz5VrppYog2GllCWsySE181XKmsih1ZUdAMLnb1ioRNVcw+PfvR8BHPyyxuP+fZX7+vNcig==",
      "requires": {
        "@aws-cdk/aws-iam": "1.62.0",
        "@aws-cdk/aws-kms": "1.62.0",
        "@aws-cdk/aws-logs": "1.62.0",
        "@aws-cdk/core": "1.62.0",
        "constructs": "^3.0.4"
      }
    },
    "@aws-cdk/aws-kms": {
      "version": "1.62.0",
      "resolved": "https://registry.npmjs.org/@aws-cdk/aws-kms/-/aws-kms-1.62.0.tgz",
      "integrity": "sha512-LGEz4AbRMzFBn7Bua6OYmi3FT0O4Nqhm+a8erJJH3nDvjDCg2tkUEyFDgpswDQVZ5lhsbRRc3qt5+1U8HV82zw==",
      "requires": {
        "@aws-cdk/aws-iam": "1.62.0",
        "@aws-cdk/core": "1.62.0",
        "constructs": "^3.0.4"
      }
    },
    "@aws-cdk/aws-lambda": {
      "version": "1.62.0",
      "resolved": "https://registry.npmjs.org/@aws-cdk/aws-lambda/-/aws-lambda-1.62.0.tgz",
      "integrity": "sha512-zPaggXhMX1+HBiVsF3jWMvlZ0OL/E0TOsETn0poOcn4on9NOEJz0CRMo4QrzjB8q2XyIWb4Hn0fDrrVAAxawcw==",
      "requires": {
        "@aws-cdk/aws-applicationautoscaling": "1.62.0",
        "@aws-cdk/aws-cloudwatch": "1.62.0",
        "@aws-cdk/aws-codeguruprofiler": "1.62.0",
        "@aws-cdk/aws-ec2": "1.62.0",
        "@aws-cdk/aws-efs": "1.62.0",
        "@aws-cdk/aws-events": "1.62.0",
        "@aws-cdk/aws-iam": "1.62.0",
        "@aws-cdk/aws-logs": "1.62.0",
        "@aws-cdk/aws-s3": "1.62.0",
        "@aws-cdk/aws-s3-assets": "1.62.0",
        "@aws-cdk/aws-sqs": "1.62.0",
        "@aws-cdk/core": "1.62.0",
        "@aws-cdk/cx-api": "1.62.0",
        "constructs": "^3.0.4"
      }
    },
    "@aws-cdk/aws-lambda-event-sources": {
      "version": "1.62.0",
      "resolved": "https://registry.npmjs.org/@aws-cdk/aws-lambda-event-sources/-/aws-lambda-event-sources-1.62.0.tgz",
      "integrity": "sha512-cJy+1ymN4CDaZaQi519MrFu/HD2CeIJ0kz5EXhDVrxIbmYn39yj2R3+ZWMqhK14hsiCo66U9yF1fWoDQeODC9g==",
      "requires": {
        "@aws-cdk/aws-apigateway": "1.62.0",
        "@aws-cdk/aws-dynamodb": "1.62.0",
        "@aws-cdk/aws-events": "1.62.0",
        "@aws-cdk/aws-iam": "1.62.0",
        "@aws-cdk/aws-kinesis": "1.62.0",
        "@aws-cdk/aws-lambda": "1.62.0",
        "@aws-cdk/aws-s3": "1.62.0",
        "@aws-cdk/aws-s3-notifications": "1.62.0",
        "@aws-cdk/aws-sns": "1.62.0",
        "@aws-cdk/aws-sns-subscriptions": "1.62.0",
        "@aws-cdk/aws-sqs": "1.62.0",
        "@aws-cdk/core": "1.62.0",
        "constructs": "^3.0.4"
      }
    },
    "@aws-cdk/aws-logs": {
      "version": "1.62.0",
      "resolved": "https://registry.npmjs.org/@aws-cdk/aws-logs/-/aws-logs-1.62.0.tgz",
      "integrity": "sha512-s2nXP3SELiWmZ3IrvaEYFQauYqeSwmD3ZW2tC1q3h9qABBG/oAdKYhDGiNy9wZi5x/bfNudF/kQxv9NlsQm3Ig==",
      "requires": {
        "@aws-cdk/aws-cloudwatch": "1.62.0",
        "@aws-cdk/aws-iam": "1.62.0",
        "@aws-cdk/aws-s3-assets": "1.62.0",
        "@aws-cdk/core": "1.62.0",
        "constructs": "^3.0.4"
      }
    },
    "@aws-cdk/aws-route53": {
      "version": "1.62.0",
      "resolved": "https://registry.npmjs.org/@aws-cdk/aws-route53/-/aws-route53-1.62.0.tgz",
      "integrity": "sha512-t3DxhlHucMb9egNHYqkrqVKsnEhcWnzmbfjK9Cik+PlHyNElqAvJsl8dZIpxVpJkCWD+XG8S6n8CpIT2LcRabA==",
      "requires": {
        "@aws-cdk/aws-ec2": "1.62.0",
        "@aws-cdk/aws-logs": "1.62.0",
        "@aws-cdk/cloud-assembly-schema": "1.62.0",
        "@aws-cdk/core": "1.62.0",
        "constructs": "^3.0.4"
      }
    },
    "@aws-cdk/aws-route53-targets": {
      "version": "1.62.0",
      "resolved": "https://registry.npmjs.org/@aws-cdk/aws-route53-targets/-/aws-route53-targets-1.62.0.tgz",
      "integrity": "sha512-Om4TCwtFZhV0E/f0MGsKZdN3eRn6FEmNJI1pVycYxaRBiShEaPDWC209zxy6UyV5F7mG8AF9w013nXZqCgk4dg==",
      "requires": {
        "@aws-cdk/aws-apigateway": "1.62.0",
        "@aws-cdk/aws-cloudfront": "1.62.0",
        "@aws-cdk/aws-cognito": "1.62.0",
        "@aws-cdk/aws-ec2": "1.62.0",
        "@aws-cdk/aws-elasticloadbalancing": "1.62.0",
        "@aws-cdk/aws-elasticloadbalancingv2": "1.62.0",
        "@aws-cdk/aws-iam": "1.62.0",
        "@aws-cdk/aws-route53": "1.62.0",
        "@aws-cdk/aws-s3": "1.62.0",
        "@aws-cdk/core": "1.62.0",
        "@aws-cdk/region-info": "1.62.0",
        "constructs": "^3.0.4"
      }
    },
    "@aws-cdk/aws-s3": {
      "version": "1.62.0",
      "resolved": "https://registry.npmjs.org/@aws-cdk/aws-s3/-/aws-s3-1.62.0.tgz",
      "integrity": "sha512-yxBERTR8UPJUN7F/coUwjJH7S2I6V7bqxaIo4nPk0qrTFO4QohVkligFlmcfVWPBAYga5+0dJT0MoFiNDYBX+g==",
      "requires": {
        "@aws-cdk/aws-events": "1.62.0",
        "@aws-cdk/aws-iam": "1.62.0",
        "@aws-cdk/aws-kms": "1.62.0",
        "@aws-cdk/core": "1.62.0",
        "constructs": "^3.0.4"
      }
    },
    "@aws-cdk/aws-s3-assets": {
      "version": "1.62.0",
      "resolved": "https://registry.npmjs.org/@aws-cdk/aws-s3-assets/-/aws-s3-assets-1.62.0.tgz",
      "integrity": "sha512-XW+zzLOVFzs+a99IoERoMHT+1U6BmP8pkI8k1qFmiwQKQipWsswZLNBSzedp6GpaM4dELiZ7bxykHbAIAChgWQ==",
      "requires": {
        "@aws-cdk/assets": "1.62.0",
        "@aws-cdk/aws-iam": "1.62.0",
        "@aws-cdk/aws-kms": "1.62.0",
        "@aws-cdk/aws-s3": "1.62.0",
        "@aws-cdk/core": "1.62.0",
        "@aws-cdk/cx-api": "1.62.0",
        "constructs": "^3.0.4"
      }
    },
    "@aws-cdk/aws-s3-notifications": {
      "version": "1.62.0",
      "resolved": "https://registry.npmjs.org/@aws-cdk/aws-s3-notifications/-/aws-s3-notifications-1.62.0.tgz",
      "integrity": "sha512-4QTXvI/zKAa8iM/n1PilMPMomvfplPooUKWL+9SJhE/5FNXGn/detKel56yQx1RJMmWCUsQnMUi8D97t7k5T0A==",
      "requires": {
        "@aws-cdk/aws-iam": "1.62.0",
        "@aws-cdk/aws-lambda": "1.62.0",
        "@aws-cdk/aws-s3": "1.62.0",
        "@aws-cdk/aws-sns": "1.62.0",
        "@aws-cdk/aws-sqs": "1.62.0",
        "@aws-cdk/core": "1.62.0",
        "constructs": "^3.0.4"
      }
    },
    "@aws-cdk/aws-sam": {
      "version": "1.62.0",
      "resolved": "https://registry.npmjs.org/@aws-cdk/aws-sam/-/aws-sam-1.62.0.tgz",
      "integrity": "sha512-8igSlNX02Ydc33lr0BlU4cCmzaIHpPN3F0VliC0H8NuCpJAwlJCaUNxWnbDL4m+aP9A3Fvl3EOKUEper+F+Gsw==",
      "requires": {
        "@aws-cdk/core": "1.62.0",
        "constructs": "^3.0.4"
      }
    },
    "@aws-cdk/aws-secretsmanager": {
      "version": "1.62.0",
      "resolved": "https://registry.npmjs.org/@aws-cdk/aws-secretsmanager/-/aws-secretsmanager-1.62.0.tgz",
      "integrity": "sha512-6KXFkPoDAn7Paq5sQY2BvoW4fWf3dSk6TPr6XZCNs6Yu25WVYEkC/Hz8JPP3/4jmid/FL1OJ25wEQC2hLn5X0A==",
      "requires": {
        "@aws-cdk/aws-ec2": "1.62.0",
        "@aws-cdk/aws-iam": "1.62.0",
        "@aws-cdk/aws-kms": "1.62.0",
        "@aws-cdk/aws-lambda": "1.62.0",
        "@aws-cdk/aws-sam": "1.62.0",
        "@aws-cdk/core": "1.62.0",
        "constructs": "^3.0.4"
      }
    },
    "@aws-cdk/aws-sns": {
      "version": "1.62.0",
      "resolved": "https://registry.npmjs.org/@aws-cdk/aws-sns/-/aws-sns-1.62.0.tgz",
      "integrity": "sha512-NCGRq0n9vWmJN4T9IGKFJEFgH3+wDymjhnJp4joZp9OqCVrCT14ZTMBrgV3JghLMFdCz35Zx1m1VUAXtCD3Jsw==",
      "requires": {
        "@aws-cdk/aws-cloudwatch": "1.62.0",
        "@aws-cdk/aws-events": "1.62.0",
        "@aws-cdk/aws-iam": "1.62.0",
        "@aws-cdk/aws-kms": "1.62.0",
        "@aws-cdk/aws-sqs": "1.62.0",
        "@aws-cdk/core": "1.62.0",
        "constructs": "^3.0.4"
      }
    },
    "@aws-cdk/aws-sns-subscriptions": {
      "version": "1.62.0",
      "resolved": "https://registry.npmjs.org/@aws-cdk/aws-sns-subscriptions/-/aws-sns-subscriptions-1.62.0.tgz",
      "integrity": "sha512-ryd78dRZDrRC6QeG3TG2TdR5ik1rtU2rC2WA8UNRdutYPf13/Bgnp8/vmhlmvau2xttiqiVoYYDfZfU9USxhQw==",
      "requires": {
        "@aws-cdk/aws-iam": "1.62.0",
        "@aws-cdk/aws-lambda": "1.62.0",
        "@aws-cdk/aws-sns": "1.62.0",
        "@aws-cdk/aws-sqs": "1.62.0",
        "@aws-cdk/core": "1.62.0",
        "constructs": "^3.0.4"
      }
    },
    "@aws-cdk/aws-sqs": {
      "version": "1.62.0",
      "resolved": "https://registry.npmjs.org/@aws-cdk/aws-sqs/-/aws-sqs-1.62.0.tgz",
      "integrity": "sha512-AJgiLUFtCJLBGRQvAfdAWwEiMhDr7pN7TOGqYnp+Eq2ZCvVH3Ot2hLPTBFv885E8UhieA8OEnEjiz3kwuSC7DQ==",
      "requires": {
        "@aws-cdk/aws-cloudwatch": "1.62.0",
        "@aws-cdk/aws-iam": "1.62.0",
        "@aws-cdk/aws-kms": "1.62.0",
        "@aws-cdk/core": "1.62.0",
        "constructs": "^3.0.4"
      }
    },
    "@aws-cdk/aws-ssm": {
      "version": "1.62.0",
      "resolved": "https://registry.npmjs.org/@aws-cdk/aws-ssm/-/aws-ssm-1.62.0.tgz",
      "integrity": "sha512-CU0E2C7h9QLW32LkFIeDD4+LRuAZA8U5Pi1lgC2S95dP3o+IGUdee//IEoLr8l//EjDWwYS1mhC4ambDLQxmeQ==",
      "requires": {
        "@aws-cdk/aws-iam": "1.62.0",
        "@aws-cdk/aws-kms": "1.62.0",
        "@aws-cdk/cloud-assembly-schema": "1.62.0",
        "@aws-cdk/core": "1.62.0",
        "constructs": "^3.0.4"
      }
    },
    "@aws-cdk/cfnspec": {
      "version": "1.62.0",
      "resolved": "https://registry.npmjs.org/@aws-cdk/cfnspec/-/cfnspec-1.62.0.tgz",
      "integrity": "sha512-/WCpfcKNGOkcGiE72uRt35JuG3TrysBkqYXHkfJiKSZOouInLty9iftMVxHk/lkjpA7UV+tgtLuy5ymFiiaFMw==",
      "requires": {
        "md5": "^2.3.0"
      }
    },
    "@aws-cdk/cloud-assembly-schema": {
      "version": "1.62.0",
      "resolved": "https://registry.npmjs.org/@aws-cdk/cloud-assembly-schema/-/cloud-assembly-schema-1.62.0.tgz",
      "integrity": "sha512-bEXUKIlRxn7be7R4kJ/4G/orI6YNuDeXZ9znIKiUT/xxeiT0Pg96XNsQW6dHTusgkullCTuiYP/EDiaic+8T0A==",
      "requires": {
        "jsonschema": "^1.2.5",
        "semver": "^7.2.2"
      },
      "dependencies": {
        "jsonschema": {
          "version": "1.2.6",
          "bundled": true
        },
        "semver": {
          "version": "7.3.2",
          "bundled": true
        }
      }
    },
    "@aws-cdk/cloudformation-diff": {
      "version": "1.62.0",
      "resolved": "https://registry.npmjs.org/@aws-cdk/cloudformation-diff/-/cloudformation-diff-1.62.0.tgz",
      "integrity": "sha512-Gdyxk4yPQNRLa8vbq1K18VSyXEbywfOGOZz6AyOd5vta16NCeRnK49rLpgOjcyZLNmGNaez9u1U4P9EmwFw5tw==",
      "requires": {
        "@aws-cdk/cfnspec": "1.62.0",
        "colors": "^1.4.0",
        "diff": "^4.0.2",
        "fast-deep-equal": "^3.1.3",
        "string-width": "^4.2.0",
        "table": "^5.4.6"
      }
    },
    "@aws-cdk/core": {
      "version": "1.62.0",
      "resolved": "https://registry.npmjs.org/@aws-cdk/core/-/core-1.62.0.tgz",
      "integrity": "sha512-TSFSiWLhfxs3lC1YmVL/PjXoWqhh2y2hMDO+2HQXn1dxLj9iwywxUGakewCuW2xsIQkJ+t+IKcjlgrUeUnEMTg==",
      "requires": {
        "@aws-cdk/cloud-assembly-schema": "1.62.0",
        "@aws-cdk/cx-api": "1.62.0",
        "constructs": "^3.0.4",
        "fs-extra": "^9.0.1",
        "minimatch": "^3.0.4"
      },
      "dependencies": {
        "at-least-node": {
          "version": "1.0.0",
          "bundled": true
        },
        "balanced-match": {
          "version": "1.0.0",
          "bundled": true
        },
        "brace-expansion": {
          "version": "1.1.11",
          "bundled": true,
          "requires": {
            "balanced-match": "^1.0.0",
            "concat-map": "0.0.1"
          }
        },
        "concat-map": {
          "version": "0.0.1",
          "bundled": true
        },
        "fs-extra": {
          "version": "9.0.1",
          "bundled": true,
          "requires": {
            "at-least-node": "^1.0.0",
            "graceful-fs": "^4.2.0",
            "jsonfile": "^6.0.1",
            "universalify": "^1.0.0"
          }
        },
        "graceful-fs": {
          "version": "4.2.4",
          "bundled": true
        },
        "jsonfile": {
          "version": "6.0.1",
          "bundled": true,
          "requires": {
            "graceful-fs": "^4.1.6",
            "universalify": "^1.0.0"
          }
        },
        "minimatch": {
          "version": "3.0.4",
          "bundled": true,
          "requires": {
            "brace-expansion": "^1.1.7"
          }
        },
        "universalify": {
          "version": "1.0.0",
          "bundled": true
        }
      }
    },
    "@aws-cdk/custom-resources": {
      "version": "1.62.0",
      "resolved": "https://registry.npmjs.org/@aws-cdk/custom-resources/-/custom-resources-1.62.0.tgz",
      "integrity": "sha512-CE7cR+Ybpk/HT4D8BLEvIl2GMzMAfyrq5sPrFZQWkRwHE4tGG8ztsnMnp6/dBJ7ngges2ezckbdVyomfJcVN2g==",
      "requires": {
        "@aws-cdk/aws-cloudformation": "1.62.0",
        "@aws-cdk/aws-iam": "1.62.0",
        "@aws-cdk/aws-lambda": "1.62.0",
        "@aws-cdk/aws-logs": "1.62.0",
        "@aws-cdk/aws-sns": "1.62.0",
        "@aws-cdk/core": "1.62.0",
        "constructs": "^3.0.4"
      }
    },
    "@aws-cdk/cx-api": {
      "version": "1.62.0",
      "resolved": "https://registry.npmjs.org/@aws-cdk/cx-api/-/cx-api-1.62.0.tgz",
      "integrity": "sha512-qyT/TnbO14z14mDly1jgeuFtVRYHwId5ZDJIsGOCsJJNXU9QpaElB9uD+qS1vB6Y/VI6KJTogBh45KW337BaEg==",
      "requires": {
        "@aws-cdk/cloud-assembly-schema": "1.62.0",
        "semver": "^7.2.2"
      },
      "dependencies": {
        "semver": {
          "version": "7.3.2",
          "bundled": true
        }
      }
    },
    "@aws-cdk/region-info": {
      "version": "1.62.0",
      "resolved": "https://registry.npmjs.org/@aws-cdk/region-info/-/region-info-1.62.0.tgz",
      "integrity": "sha512-2vfbtgXax5f/LKe+C5SJ/qYizgnSJOorCULxbJVn27SJYgn3fVL0aRc/afYzYq558qhvxlhVWQYagKa2T1AMDg=="
    },
    "@types/node": {
      "version": "14.6.4",
      "resolved": "https://registry.npmjs.org/@types/node/-/node-14.6.4.tgz",
      "integrity": "sha512-Wk7nG1JSaMfMpoMJDKUsWYugliB2Vy55pdjLpmLixeyMi7HizW2I/9QoxsPCkXl3dO+ZOVqPumKaDUv5zJu2uQ=="
    },
    "ajv": {
      "version": "6.12.4",
      "resolved": "https://registry.npmjs.org/ajv/-/ajv-6.12.4.tgz",
      "integrity": "sha512-eienB2c9qVQs2KWexhkrdMLVDoIQCz5KSeLxwg9Lzk4DOfBtIK9PQwwufcsn1jjGuf9WZmqPMbGxOzfcuphJCQ==",
      "requires": {
        "fast-deep-equal": "^3.1.1",
        "fast-json-stable-stringify": "^2.0.0",
        "json-schema-traverse": "^0.4.1",
        "uri-js": "^4.2.2"
      }
    },
    "ansi-regex": {
      "version": "5.0.0",
      "resolved": "https://registry.npmjs.org/ansi-regex/-/ansi-regex-5.0.0.tgz",
      "integrity": "sha512-bY6fj56OUQ0hU1KjFNDQuJFezqKdrAyFdIevADiqrWHwSlbmBNMHp5ak2f40Pm8JTFyM2mqxkG6ngkHO11f/lg=="
    },
    "ansi-styles": {
      "version": "3.2.1",
      "resolved": "https://registry.npmjs.org/ansi-styles/-/ansi-styles-3.2.1.tgz",
      "integrity": "sha512-VT0ZI6kZRdTh8YyJw3SMbYm/u+NqfsAxEpWO0Pf9sq8/e94WxxOpPKx9FR1FlyCtOVDNOQ+8ntlqFxiRc+r5qA==",
      "requires": {
        "color-convert": "^1.9.0"
      }
    },
    "arg": {
      "version": "4.1.3",
      "resolved": "https://registry.npmjs.org/arg/-/arg-4.1.3.tgz",
      "integrity": "sha512-58S9QDqG0Xx27YwPSt9fJxivjYl432YCwfDMfZ+71RAqUrZef7LrKQZ3LHLOwCS4FLNBplP533Zx895SeOCHvA==",
      "dev": true
    },
    "astral-regex": {
      "version": "1.0.0",
      "resolved": "https://registry.npmjs.org/astral-regex/-/astral-regex-1.0.0.tgz",
      "integrity": "sha512-+Ryf6g3BKoRc7jfp7ad8tM4TtMiaWvbF/1/sQcZPkkS7ag3D5nMBCe2UfOTONtAkaG0tO0ij3C5Lwmf1EiyjHg=="
    },
    "aws-cdk-pure": {
      "version": "1.3.13",
      "resolved": "https://registry.npmjs.org/aws-cdk-pure/-/aws-cdk-pure-1.3.13.tgz",
      "integrity": "sha512-0vvo0H+sfDEg1+udxBPBplGpYPRo70KTb3apTh0b55QpW/keaBqvO3Vur4uQpl6Dm5hBtYN+T/MR6THPskjA7g==",
      "requires": {
        "@aws-cdk/core": "*",
        "@types/node": "14.6.4"
      }
    },
    "aws-cdk-pure-hoc": {
      "version": "1.7.23",
      "resolved": "https://registry.npmjs.org/aws-cdk-pure-hoc/-/aws-cdk-pure-hoc-1.7.23.tgz",
      "integrity": "sha512-JdKgvB33/O0ThQCg6jo/p8h0ONO/wAuZ1nAX12REQ+qSA387R/GUMk671mrLCh/bsQP5ZLzmL431JjM7PhxLSA==",
      "requires": {
        "@aws-cdk/assert": "*",
        "@aws-cdk/aws-apigateway": "*",
        "@aws-cdk/aws-certificatemanager": "*",
        "@aws-cdk/aws-cloudfront": "*",
        "@aws-cdk/aws-iam": "*",
        "@aws-cdk/aws-lambda-event-sources": "*",
        "@aws-cdk/aws-route53": "*",
        "@aws-cdk/aws-route53-targets": "*",
        "@aws-cdk/aws-s3": "*",
        "@aws-cdk/aws-secretsmanager": "*",
        "@aws-cdk/core": "*",
        "@types/node": "14.6.4",
        "aws-cdk-pure": "*"
      }
    },
    "buffer-from": {
      "version": "1.1.1",
      "resolved": "https://registry.npmjs.org/buffer-from/-/buffer-from-1.1.1.tgz",
      "integrity": "sha512-MQcXEUbCKtEo7bhqEs6560Hyd4XaovZlO/k9V3hjVUF/zwW7KBVdSK4gIt/bzwS9MbR5qob+F5jusZsb0YQK2A==",
      "dev": true
    },
    "charenc": {
      "version": "0.0.2",
      "resolved": "https://registry.npmjs.org/charenc/-/charenc-0.0.2.tgz",
      "integrity": "sha1-wKHS86cJLgN3S/qD8UwPxXkKhmc="
    },
    "color-convert": {
      "version": "1.9.3",
      "resolved": "https://registry.npmjs.org/color-convert/-/color-convert-1.9.3.tgz",
      "integrity": "sha512-QfAUtd+vFdAtFQcC8CCyYt1fYWxSqAiK2cSD6zDB8N3cpsEBAvRxp9zOGg6G/SHHJYAT88/az/IuDGALsNVbGg==",
      "requires": {
        "color-name": "1.1.3"
      }
    },
    "color-name": {
      "version": "1.1.3",
      "resolved": "https://registry.npmjs.org/color-name/-/color-name-1.1.3.tgz",
      "integrity": "sha1-p9BVi9icQveV3UIyj3QIMcpTvCU="
    },
    "colors": {
      "version": "1.4.0",
      "resolved": "https://registry.npmjs.org/colors/-/colors-1.4.0.tgz",
      "integrity": "sha512-a+UqTh4kgZg/SlGvfbzDHpgRu7AAQOmmqRHJnxhRZICKFUT91brVhNNt58CMWU9PsBbv3PDCZUHbVxuDiH2mtA=="
    },
    "constructs": {
      "version": "3.0.4",
      "resolved": "https://registry.npmjs.org/constructs/-/constructs-3.0.4.tgz",
      "integrity": "sha512-CDvg7gMjphE3DFX4pzkF6j73NREbR8npPFW8Mx/CLRnMR035+Y1o1HrXIsNSss/dq3ZUnNTU9jKyd3fL9EOlfw=="
    },
    "crypt": {
      "version": "0.0.2",
      "resolved": "https://registry.npmjs.org/crypt/-/crypt-0.0.2.tgz",
      "integrity": "sha1-iNf/fsDfuG9xPch7u0LQRNPmxBs="
    },
    "diff": {
      "version": "4.0.2",
      "resolved": "https://registry.npmjs.org/diff/-/diff-4.0.2.tgz",
      "integrity": "sha512-58lmxKSA4BNyLz+HHMUzlOEpg09FV+ev6ZMe3vJihgdxzgcwZ8VoEEPmALCZG9LmqfVoNMMKpttIYTVG6uDY7A=="
    },
    "emoji-regex": {
      "version": "8.0.0",
      "resolved": "https://registry.npmjs.org/emoji-regex/-/emoji-regex-8.0.0.tgz",
      "integrity": "sha512-MSjYzcWNOA0ewAHpz0MxpYFvwg6yjy1NG3xteoqz644VCo/RPgnr1/GGt+ic3iJTzQ8Eu3TdM14SawnVUmGE6A=="
    },
    "fast-deep-equal": {
      "version": "3.1.3",
      "resolved": "https://registry.npmjs.org/fast-deep-equal/-/fast-deep-equal-3.1.3.tgz",
      "integrity": "sha512-f3qQ9oQy9j2AhBe/H9VC91wLmKBCCU/gDOnKNAYG5hswO7BLKj09Hc5HYNz9cGI++xlpDCIgDaitVs03ATR84Q=="
    },
    "fast-json-stable-stringify": {
      "version": "2.1.0",
      "resolved": "https://registry.npmjs.org/fast-json-stable-stringify/-/fast-json-stable-stringify-2.1.0.tgz",
      "integrity": "sha512-lhd/wF+Lk98HZoTCtlVraHtfh5XYijIjalXck7saUtuanSDyLMxnHhSXEDJqHxD7msR8D0uCmqlkwjCV8xvwHw=="
    },
    "is-buffer": {
      "version": "1.1.6",
      "resolved": "https://registry.npmjs.org/is-buffer/-/is-buffer-1.1.6.tgz",
      "integrity": "sha512-NcdALwpXkTm5Zvvbk7owOUSvVvBKDgKP5/ewfXEznmQFfs4ZRmanOeKBTjRVjka3QFoN6XJ+9F3USqfHqTaU5w=="
    },
    "is-fullwidth-code-point": {
      "version": "3.0.0",
      "resolved": "https://registry.npmjs.org/is-fullwidth-code-point/-/is-fullwidth-code-point-3.0.0.tgz",
      "integrity": "sha512-zymm5+u+sCsSWyD9qNaejV3DFvhCKclKdizYaJUuHA83RLjb7nSuGnddCHGv0hk+KY7BMAlsWeK4Ueg6EV6XQg=="
    },
    "json-schema-traverse": {
      "version": "0.4.1",
      "resolved": "https://registry.npmjs.org/json-schema-traverse/-/json-schema-traverse-0.4.1.tgz",
      "integrity": "sha512-xbbCH5dCYU5T8LcEhhuh7HJ88HXuW3qsI3Y0zOZFKfZEHcpWiHU/Jxzk629Brsab/mMiHQti9wMP+845RPe3Vg=="
    },
    "lodash": {
      "version": "4.17.20",
      "resolved": "https://registry.npmjs.org/lodash/-/lodash-4.17.20.tgz",
      "integrity": "sha512-PlhdFcillOINfeV7Ni6oF1TAEayyZBoZ8bcshTHqOYJYlrqzRK5hagpagky5o4HfCzzd1TRkXPMFq6cKk9rGmA=="
    },
    "make-error": {
      "version": "1.3.6",
      "resolved": "https://registry.npmjs.org/make-error/-/make-error-1.3.6.tgz",
      "integrity": "sha512-s8UhlNe7vPKomQhC1qFelMokr/Sc3AgNbso3n74mVPA5LTZwkB9NlXf4XPamLxJE8h0gh73rM94xvwRT2CVInw==",
      "dev": true
    },
    "md5": {
      "version": "2.3.0",
      "resolved": "https://registry.npmjs.org/md5/-/md5-2.3.0.tgz",
      "integrity": "sha512-T1GITYmFaKuO91vxyoQMFETst+O71VUPEU3ze5GNzDm0OWdP8v1ziTaAEPUr/3kLsY3Sftgz242A1SetQiDL7g==",
      "requires": {
        "charenc": "0.0.2",
        "crypt": "0.0.2",
        "is-buffer": "~1.1.6"
      }
    },
    "punycode": {
      "version": "2.1.1",
      "resolved": "https://registry.npmjs.org/punycode/-/punycode-2.1.1.tgz",
      "integrity": "sha512-XRsRjdf+j5ml+y/6GKHPZbrF/8p2Yga0JPtdqTIY2Xe5ohJPD9saDJJLPvp9+NSBprVvevdXZybnj2cv8OEd0A=="
    },
    "slice-ansi": {
      "version": "2.1.0",
      "resolved": "https://registry.npmjs.org/slice-ansi/-/slice-ansi-2.1.0.tgz",
      "integrity": "sha512-Qu+VC3EwYLldKa1fCxuuvULvSJOKEgk9pi8dZeCVK7TqBfUNTH4sFkk4joj8afVSfAYgJoSOetjx9QWOJ5mYoQ==",
      "requires": {
        "ansi-styles": "^3.2.0",
        "astral-regex": "^1.0.0",
        "is-fullwidth-code-point": "^2.0.0"
      },
      "dependencies": {
        "is-fullwidth-code-point": {
          "version": "2.0.0",
          "resolved": "https://registry.npmjs.org/is-fullwidth-code-point/-/is-fullwidth-code-point-2.0.0.tgz",
          "integrity": "sha1-o7MKXE8ZkYMWeqq5O+764937ZU8="
        }
      }
    },
    "source-map": {
      "version": "0.6.1",
      "resolved": "https://registry.npmjs.org/source-map/-/source-map-0.6.1.tgz",
      "integrity": "sha512-UjgapumWlbMhkBgzT7Ykc5YXUT46F0iKu8SGXq0bcwP5dz/h0Plj6enJqjz1Zbq2l5WaqYnrVbwWOWMyF3F47g==",
      "dev": true
    },
    "source-map-support": {
      "version": "0.5.19",
      "resolved": "https://registry.npmjs.org/source-map-support/-/source-map-support-0.5.19.tgz",
      "integrity": "sha512-Wonm7zOCIJzBGQdB+thsPar0kYuCIzYvxZwlBa87yi/Mdjv7Tip2cyVbLj5o0cFPN4EVkuTwb3GDDyUx2DGnGw==",
      "dev": true,
      "requires": {
        "buffer-from": "^1.0.0",
        "source-map": "^0.6.0"
      }
    },
    "string-width": {
      "version": "4.2.0",
      "resolved": "https://registry.npmjs.org/string-width/-/string-width-4.2.0.tgz",
      "integrity": "sha512-zUz5JD+tgqtuDjMhwIg5uFVV3dtqZ9yQJlZVfq4I01/K5Paj5UHj7VyrQOJvzawSVlKpObApbfD0Ed6yJc+1eg==",
      "requires": {
        "emoji-regex": "^8.0.0",
        "is-fullwidth-code-point": "^3.0.0",
        "strip-ansi": "^6.0.0"
      }
    },
    "strip-ansi": {
      "version": "6.0.0",
      "resolved": "https://registry.npmjs.org/strip-ansi/-/strip-ansi-6.0.0.tgz",
      "integrity": "sha512-AuvKTrTfQNYNIctbR1K/YGTR1756GycPsg7b9bdV9Duqur4gv6aKqHXah67Z8ImS7WEz5QVcOtlfW2rZEugt6w==",
      "requires": {
        "ansi-regex": "^5.0.0"
      }
    },
    "table": {
      "version": "5.4.6",
      "resolved": "https://registry.npmjs.org/table/-/table-5.4.6.tgz",
      "integrity": "sha512-wmEc8m4fjnob4gt5riFRtTu/6+4rSe12TpAELNSqHMfF3IqnA+CH37USM6/YR3qRZv7e56kAEAtd6nKZaxe0Ug==",
      "requires": {
        "ajv": "^6.10.2",
        "lodash": "^4.17.14",
        "slice-ansi": "^2.1.0",
        "string-width": "^3.0.0"
      },
      "dependencies": {
        "ansi-regex": {
          "version": "4.1.0",
          "resolved": "https://registry.npmjs.org/ansi-regex/-/ansi-regex-4.1.0.tgz",
          "integrity": "sha512-1apePfXM1UOSqw0o9IiFAovVz9M5S1Dg+4TrDwfMewQ6p/rmMueb7tWZjQ1rx4Loy1ArBggoqGpfqqdI4rondg=="
        },
        "emoji-regex": {
          "version": "7.0.3",
          "resolved": "https://registry.npmjs.org/emoji-regex/-/emoji-regex-7.0.3.tgz",
          "integrity": "sha512-CwBLREIQ7LvYFB0WyRvwhq5N5qPhc6PMjD6bYggFlI5YyDgl+0vxq5VHbMOFqLg7hfWzmu8T5Z1QofhmTIhItA=="
        },
        "is-fullwidth-code-point": {
          "version": "2.0.0",
          "resolved": "https://registry.npmjs.org/is-fullwidth-code-point/-/is-fullwidth-code-point-2.0.0.tgz",
          "integrity": "sha1-o7MKXE8ZkYMWeqq5O+764937ZU8="
        },
        "string-width": {
          "version": "3.1.0",
          "resolved": "https://registry.npmjs.org/string-width/-/string-width-3.1.0.tgz",
          "integrity": "sha512-vafcv6KjVZKSgz06oM/H6GDBrAtz8vdhQakGjFIvNrHA6y3HCF1CInLy+QLq8dTJPQ1b+KDUqDFctkdRW44e1w==",
          "requires": {
            "emoji-regex": "^7.0.1",
            "is-fullwidth-code-point": "^2.0.0",
            "strip-ansi": "^5.1.0"
          }
        },
        "strip-ansi": {
          "version": "5.2.0",
          "resolved": "https://registry.npmjs.org/strip-ansi/-/strip-ansi-5.2.0.tgz",
          "integrity": "sha512-DuRs1gKbBqsMKIZlrffwlug8MHkcnpjs5VPmL1PAh+mA30U0DTotfDZ0d2UUsXpPmPmMMJ6W773MaA3J+lbiWA==",
          "requires": {
            "ansi-regex": "^4.1.0"
          }
        }
      }
    },
    "ts-node": {
      "version": "9.0.0",
      "resolved": "https://registry.npmjs.org/ts-node/-/ts-node-9.0.0.tgz",
      "integrity": "sha512-/TqB4SnererCDR/vb4S/QvSZvzQMJN8daAslg7MeaiHvD8rDZsSfXmNeNumyZZzMned72Xoq/isQljYSt8Ynfg==",
      "dev": true,
      "requires": {
        "arg": "^4.1.0",
        "diff": "^4.0.1",
        "make-error": "^1.1.1",
        "source-map-support": "^0.5.17",
        "yn": "3.1.1"
      }
    },
    "typescript": {
      "version": "4.0.2",
      "resolved": "https://registry.npmjs.org/typescript/-/typescript-4.0.2.tgz",
      "integrity": "sha512-e4ERvRV2wb+rRZ/IQeb3jm2VxBsirQLpQhdxplZ2MEzGvDkkMmPglecnNDfSUBivMjP93vRbngYYDQqQ/78bcQ==",
      "dev": true
    },
    "uri-js": {
      "version": "4.4.0",
      "resolved": "https://registry.npmjs.org/uri-js/-/uri-js-4.4.0.tgz",
      "integrity": "sha512-B0yRTzYdUCCn9n+F4+Gh4yIDtMQcaJsmYBDsTSG8g/OejKBodLQ2IHfN3bM7jUsRXndopT7OIXWdYqc1fjmV6g==",
      "requires": {
        "punycode": "^2.1.0"
      }
    },
    "yn": {
      "version": "3.1.1",
      "resolved": "https://registry.npmjs.org/yn/-/yn-3.1.1.tgz",
      "integrity": "sha512-Ux4ygGWsu2c7isFWe8Yu1YluJmqVhxqK2cLXNQA5AcC3QfbGNpM7fu0Y8b/z16pXLnFxZYvWhd3fhBY9DLmC6Q==",
      "dev": true
    }
  }
}
